
Microsoft Visual Studio Solution File, Format Version 12.00
# Visual Studio 15
VisualStudioVersion = 15.0.28010.2041
MinimumVisualStudioVersion = 10.0.40219.1
Project("{FAE04EC0-301F-11D3-BF4B-00C04F79EFBC}") = "ProjeOrijinal", "ProjeOrijinal\ProjeOrijinal.csproj", "{178E089A-615E-412E-98FB-F5ED00F04F7A}"
EndProject
Global
	GlobalSection(SolutionConfigurationPlatforms) = preSolution
		Debug|Any CPU = Debug|Any CPU
		Release|Any CPU = Release|Any CPU
	EndGlobalSection
	GlobalSection(ProjectConfigurationPlatforms) = postSolution
		{178E089A-615E-412E-98FB-F5ED00F04F7A}.Debug|Any CPU.ActiveCfg = Debug|Any CPU
		{178E089A-615E-412E-98FB-F5ED00F04F7A}.Debug|Any CPU.Build.0 = Debug|Any CPU
		{178E089A-615E-412E-98FB-F5ED00F04F7A}.Release|Any CPU.ActiveCfg = Release|Any CPU
		{178E089A-615E-412E-98FB-F5ED00F04F7A}.Release|Any CPU.Build.0 = Release|Any CPU
	EndGlobalSection
	GlobalSection(SolutionProperties) = preSolution
		HideSolutionNode = FALSE
	EndGlobalSection
	GlobalSection(ExtensibilityGlobals) = postSolution
		SolutionGuid = {E10D626D-FABC-4A91-8E00-1B6A21252465}
	EndGlobalSection
EndGlobal
